{
  "nodes": {
    "brockman": {
      "inputs": {
        "nixos-generators": "nixos-generators",
        "nixpkgs": "nixpkgs"
      },
      "locked": {
        "lastModified": 1723738235,
        "narHash": "sha256-WseN0KQL6lR+78njRSIOPRrqqVJ82HOT7Yhn61RVsbY=",
        "owner": "kmein",
        "repo": "brockman",
        "rev": "0b9d2f813e8c7fcfec22465612f43e7b739f2e9e",
        "type": "github"
      },
      "original": {
        "owner": "kmein",
        "repo": "brockman",
        "type": "github"
      }
    },
    "buildbot-nix": {
      "inputs": {
        "flake-parts": "flake-parts",
        "hercules-ci-effects": "hercules-ci-effects",
        "nixpkgs": [
          "stockholm",
          "nixpkgs"
        ],
        "treefmt-nix": "treefmt-nix"
      },
      "locked": {
        "lastModified": 1732578586,
        "narHash": "sha256-kR2RwG4H32zRkyVVfDKUnoPxORb6DzztE16oc98ZzSg=",
        "owner": "Mic92",
        "repo": "buildbot-nix",
        "rev": "037344cad03e933ea370c0766b39b959820446e5",
        "type": "github"
      },
      "original": {
        "owner": "Mic92",
        "repo": "buildbot-nix",
        "type": "github"
      }
    },
    "flake-parts": {
      "inputs": {
        "nixpkgs-lib": [
          "stockholm",
          "buildbot-nix",
          "nixpkgs"
        ]
      },
      "locked": {
        "lastModified": 1730504689,
        "narHash": "sha256-hgmguH29K2fvs9szpq2r3pz2/8cJd2LPS+b4tfNFCwE=",
        "owner": "hercules-ci",
        "repo": "flake-parts",
        "rev": "506278e768c2a08bec68eb62932193e341f55c90",
        "type": "github"
      },
      "original": {
        "owner": "hercules-ci",
        "repo": "flake-parts",
        "type": "github"
      }
    },
    "hercules-ci-effects": {
      "inputs": {
        "flake-parts": [
          "stockholm",
          "buildbot-nix",
          "flake-parts"
        ],
        "nixpkgs": [
          "stockholm",
          "buildbot-nix",
          "nixpkgs"
        ]
      },
      "locked": {
        "lastModified": 1730903510,
        "narHash": "sha256-mnynlrPeiW0nUQ8KGZHb3WyxAxA3Ye/BH8gMjdoKP6E=",
        "owner": "hercules-ci",
        "repo": "hercules-ci-effects",
        "rev": "b89ac4d66d618b915b1f0a408e2775fe3821d141",
        "type": "github"
      },
      "original": {
        "owner": "hercules-ci",
        "repo": "hercules-ci-effects",
        "type": "github"
      }
    },
    "nix-writers": {
      "flake": false,
      "locked": {
        "lastModified": 1677612737,
        "narHash": "sha256-UaCKZ4PbMZU6UZH7XNFcjRtd5jheswl66rjZDBfQgp8=",
        "ref": "refs/heads/master",
        "rev": "66a1f6833464bbb121b6d94247ad769f277351f8",
        "revCount": 39,
        "type": "git",
        "url": "https://cgit.krebsco.de/nix-writers"
      },
      "original": {
        "type": "git",
        "url": "https://cgit.krebsco.de/nix-writers"
      }
    },
    "nixinate": {
      "inputs": {
        "nixpkgs": "nixpkgs_2"
      },
      "locked": {
        "lastModified": 1708891350,
        "narHash": "sha256-VOQrKK7Df/IVuNki+NshVuGkTa/Tw0GigPjWcZff6kk=",
        "owner": "matthewcroughan",
        "repo": "nixinate",
        "rev": "452f33c60df5b72ad0858f5f2cf224bdf1f17746",
        "type": "github"
      },
      "original": {
        "owner": "matthewcroughan",
        "repo": "nixinate",
        "type": "github"
      }
    },
    "nixlib": {
      "locked": {
        "lastModified": 1636849918,
        "narHash": "sha256-nzUK6dPcTmNVrgTAC1EOybSMsrcx+QrVPyqRdyKLkjA=",
        "owner": "nix-community",
        "repo": "nixpkgs.lib",
        "rev": "28a5b0557f14124608db68d3ee1f77e9329e9dd5",
        "type": "github"
      },
      "original": {
        "owner": "nix-community",
        "repo": "nixpkgs.lib",
        "type": "github"
      }
    },
    "nixos-generators": {
      "inputs": {
        "nixlib": "nixlib",
        "nixpkgs": [
          "brockman",
          "nixpkgs"
        ]
      },
      "locked": {
        "lastModified": 1653339081,
        "narHash": "sha256-dpim9Mtd57Yj6qt7p7UKwjWm6NnOU3S7jaEyEscSyPE=",
        "owner": "nix-community",
        "repo": "nixos-generators",
        "rev": "fb3ee0f618b8c80dea1239691b15dfeb4bb46331",
        "type": "github"
      },
      "original": {
        "owner": "nix-community",
        "repo": "nixos-generators",
        "type": "github"
      }
    },
    "nixpkgs": {
      "locked": {
        "lastModified": 1654012153,
        "narHash": "sha256-In+gfoH2Tnf/UmpzeuGlfuexU2EC4QIelBsm2zMK5AE=",
        "owner": "NixOS",
        "repo": "nixpkgs",
        "rev": "49a2bcc6e2065909c701f862f9a1a62b3082b40a",
        "type": "github"
      },
      "original": {
        "owner": "NixOS",
        "repo": "nixpkgs",
        "type": "github"
      }
    },
    "nixpkgs_2": {
      "locked": {
        "lastModified": 1653060744,
        "narHash": "sha256-kfRusllRumpt33J1hPV+CeCCylCXEU7e0gn2/cIM7cY=",
        "owner": "nixos",
        "repo": "nixpkgs",
        "rev": "dfd82985c273aac6eced03625f454b334daae2e8",
        "type": "github"
      },
      "original": {
        "owner": "nixos",
        "ref": "nixos-unstable",
        "repo": "nixpkgs",
        "type": "github"
      }
    },
    "nixpkgs_3": {
      "locked": {
        "lastModified": 1731797254,
        "narHash": "sha256-df3dJApLPhd11AlueuoN0Q4fHo/hagP75LlM5K1sz9g=",
        "owner": "nixos",
        "repo": "nixpkgs",
        "rev": "e8c38b73aeb218e27163376a2d617e61a2ad9b59",
        "type": "github"
      },
      "original": {
        "owner": "nixos",
        "ref": "nixos-24.05",
        "repo": "nixpkgs",
        "type": "github"
      }
    },
    "nixpkgs_4": {
      "locked": {
        "lastModified": 1732014248,
        "narHash": "sha256-y/MEyuJ5oBWrWAic/14LaIr/u5E0wRVzyYsouYY3W6w=",
        "owner": "NixOS",
        "repo": "nixpkgs",
        "rev": "23e89b7da85c3640bbc2173fe04f4bd114342367",
        "type": "github"
      },
      "original": {
        "owner": "NixOS",
        "ref": "nixos-unstable",
        "repo": "nixpkgs",
        "type": "github"
      }
    },
    "root": {
      "inputs": {
        "brockman": "brockman",
        "nixinate": "nixinate",
        "nixpkgs": "nixpkgs_3",
        "stockholm": "stockholm"
      }
    },
    "stockholm": {
      "inputs": {
        "buildbot-nix": "buildbot-nix",
        "nix-writers": "nix-writers",
        "nixpkgs": "nixpkgs_4"
      },
      "locked": {
        "lastModified": 1732618784,
        "narHash": "sha256-xEX/pyiOLZNiyKCr7FaLCjrSsu/gg9EPF2rl2Hzxl94=",
        "owner": "krebs",
        "repo": "stockholm",
        "rev": "3bd2443831443269ddfe54ab58c917cda6e7f1d5",
        "type": "github"
      },
      "original": {
        "owner": "krebs",
        "repo": "stockholm",
        "type": "github"
      }
    },
    "treefmt-nix": {
      "inputs": {
        "nixpkgs": [
          "stockholm",
          "buildbot-nix",
          "nixpkgs"
        ]
      },
      "locked": {
        "lastModified": 1730321837,
        "narHash": "sha256-vK+a09qq19QNu2MlLcvN4qcRctJbqWkX7ahgPZ/+maI=",
        "owner": "numtide",
        "repo": "treefmt-nix",
        "rev": "746901bb8dba96d154b66492a29f5db0693dbfcc",
        "type": "github"
      },
      "original": {
        "owner": "numtide",
        "repo": "treefmt-nix",
        "type": "github"
      }
    }
  },
  "root": "root",
  "version": 7
}
